
Microsoft Visual Studio Solution File, Format Version 12.00
# Visual Studio Version 16
VisualStudioVersion = 16.0.31205.134
MinimumVisualStudioVersion = 10.0.40219.1
Project("{FAE04EC0-301F-11D3-BF4B-00C04F79EFBC}") = "WPFEventMap", "WPFEventMap.csproj", "{77E580DF-4053-40A4-A73B-228591F92A50}"
EndProject
Global
	GlobalSection(SolutionConfigurationPlatforms) = preSolution
		Debug|Any CPU = Debug|Any CPU
		Release|Any CPU = Release|Any CPU
	EndGlobalSection
	GlobalSection(ProjectConfigurationPlatforms) = postSolution
		{77E580DF-4053-40A4-A73B-228591F92A50}.Debug|Any CPU.ActiveCfg = Debug|Any CPU
		{77E580DF-4053-40A4-A73B-228591F92A50}.Debug|Any CPU.Build.0 = Debug|Any CPU
		{77E580DF-4053-40A4-A73B-228591F92A50}.Release|Any CPU.ActiveCfg = Release|Any CPU
		{77E580DF-4053-40A4-A73B-228591F92A50}.Release|Any CPU.Build.0 = Release|Any CPU
	EndGlobalSection
	GlobalSection(SolutionProperties) = preSolution
		HideSolutionNode = FALSE
	EndGlobalSection
	GlobalSection(ExtensibilityGlobals) = postSolution
		SolutionGuid = {4F9E0A01-0428-46C3-B428-C5E76505964A}
	EndGlobalSection
EndGlobal
